
Microsoft Visual Studio Solution File, Format Version 12.00
# Visual Studio 15
VisualStudioVersion = 15.0.27428.2037
MinimumVisualStudioVersion = 10.0.40219.1
Project("{FAE04EC0-301F-11D3-BF4B-00C04F79EFBC}") = "WebFindTutor_Client", "WebFindTutor_Client\WebFindTutor_Client.csproj", "{E2DD02B8-A05B-4DB4-B170-699D7F634CBC}"
EndProject
Project("{FAE04EC0-301F-11D3-BF4B-00C04F79EFBC}") = "WebAPI", "WebAPI\WebAPI.csproj", "{3E0D97CF-3605-4B63-8C77-23158D15E062}"
EndProject
Global
	GlobalSection(SolutionConfigurationPlatforms) = preSolution
		Debug|Any CPU = Debug|Any CPU
		Release|Any CPU = Release|Any CPU
	EndGlobalSection
	GlobalSection(ProjectConfigurationPlatforms) = postSolution
		{E2DD02B8-A05B-4DB4-B170-699D7F634CBC}.Debug|Any CPU.ActiveCfg = Debug|Any CPU
		{E2DD02B8-A05B-4DB4-B170-699D7F634CBC}.Debug|Any CPU.Build.0 = Debug|Any CPU
		{E2DD02B8-A05B-4DB4-B170-699D7F634CBC}.Release|Any CPU.ActiveCfg = Release|Any CPU
		{E2DD02B8-A05B-4DB4-B170-699D7F634CBC}.Release|Any CPU.Build.0 = Release|Any CPU
		{3E0D97CF-3605-4B63-8C77-23158D15E062}.Debug|Any CPU.ActiveCfg = Debug|Any CPU
		{3E0D97CF-3605-4B63-8C77-23158D15E062}.Debug|Any CPU.Build.0 = Debug|Any CPU
		{3E0D97CF-3605-4B63-8C77-23158D15E062}.Release|Any CPU.ActiveCfg = Release|Any CPU
		{3E0D97CF-3605-4B63-8C77-23158D15E062}.Release|Any CPU.Build.0 = Release|Any CPU
	EndGlobalSection
	GlobalSection(SolutionProperties) = preSolution
		HideSolutionNode = FALSE
	EndGlobalSection
	GlobalSection(ExtensibilityGlobals) = postSolution
		SolutionGuid = {1E818AC9-2CA8-4B2E-A22B-A76B91E2505A}
	EndGlobalSection
EndGlobal
